Microsoft Visual Studio Solution File, Format Version 12.00
# Visual Studio 15
VisualStudioVersion = 15.0.28307.645
MinimumVisualStudioVersion = 10.0.40219.1
Project("{8BC9CEB8-8B4A-11D0-8D11-00A0C91BC942}") = "ANYTOOL", "ANYTOOL\ANYTOOL.vcxproj", "{B365D9A4-D76E-4FA6-AC23-0260F668DB2A}"
EndProject
Project("{8BC9CEB8-8B4A-11D0-8D11-00A0C91BC942}") = "OpenGL", "OpenGL\OpenGL.vcxproj", "{DC41CE36-32F9-40E2-8224-67220895CA65}"
EndProject
Project("{8BC9CEB8-8B4A-11D0-8D11-00A0C91BC942}") = "Win32Server", "Win32Server\Win32Server.vcxproj", "{99B46530-201E-45AA-B3EE-DB407076C648}"
EndProject
Project("{8BC9CEB8-8B4A-11D0-8D11-00A0C91BC942}") = "Win32Client", "Win32Client\Win32Client.vcxproj", "{64858A78-BC82-4295-92FB-3E6D43F96A8A}"
EndProject
Project("{8BC9CEB8-8B4A-11D0-8D11-00A0C91BC942}") = "WindowsGDI", "WindowsGDI\WindowsGDI.vcxproj", "{64948FD4-869E-400C-B3F7-DAA66F237500}"
EndProject
Project("{FAE04EC0-301F-11D3-BF4B-00C04F79EFBC}") = "CSharPDdos", "CSharPDdos\CSharPDdos.csproj", "{CA67E0AF-36BE-43FC-911F-49EC6DF950B5}"
EndProject
Project("{8BC9CEB8-8B4A-11D0-8D11-00A0C91BC942}") = "OpenGL_PlusPlusVersion", "OpenGL_PlusPlusVersion\OpenGL_PlusPlusVersion.vcxproj", "{7745B131-ED20-45E8-BF6A-10977DAC9C5A}"
EndProject
Project("{8BC9CEB8-8B4A-11D0-8D11-00A0C91BC942}") = "Console", "Console\Console.vcxproj", "{C2D2A8DA-DF89-4334-ACAF-E42E0A13FD24}"
EndProject
Project("{8BC9CEB8-8B4A-11D0-8D11-00A0C91BC942}") = "Libnet_DDOS", "Libnet_DDOS\Libnet_DDOS.vcxproj", "{80B6D330-EC19-4DEC-81B2-7A6B78F090F7}"
EndProject
Project("{2150E333-8FDC-42A3-9474-1A3956D46DE8}") = "BASSTEST", "BASSTEST", "{04B66248-2B35-4C21-88A7-CED053F83FB5}"
EndProject
Project("{8BC9CEB8-8B4A-11D0-8D11-00A0C91BC942}") = "3dtest", "ANYTOOL\BASS\c\3dtest\3dtest.vcxproj", "{98CE30EE-9892-4896-9A68-34725FB454B8}"
EndProject
Project("{8BC9CEB8-8B4A-11D0-8D11-00A0C91BC942}") = "basstest", "ANYTOOL\BASS\c\basstest\basstest.vcxproj", "{DEE82226-C3D7-4C31-A234-8934FC43EF82}"
EndProject
Project("{8BC9CEB8-8B4A-11D0-8D11-00A0C91BC942}") = "contest", "ANYTOOL\BASS\c\contest\contest.vcxproj", "{1151BD42-BAB0-4C67-A3CA-D23457250C41}"
EndProject
Project("{8BC9CEB8-8B4A-11D0-8D11-00A0C91BC942}") = "custloop", "ANYTOOL\BASS\c\custloop\custloop.vcxproj", "{BC8FF451-F01D-404B-B39A-D7C59A567D95}"
EndProject
Project("{8BC9CEB8-8B4A-11D0-8D11-00A0C91BC942}") = "devlist", "ANYTOOL\BASS\c\devlist\devlist.vcxproj", "{1151BD42-BAB0-4C67-A3CA-D23457250C42}"
EndProject
Project("{8BC9CEB8-8B4A-11D0-8D11-00A0C91BC942}") = "dsptest", "ANYTOOL\BASS\c\dsptest\dsptest.vcxproj", "{89104783-85C4-4E31-9EDC-FAF7D6792BF0}"
EndProject
Project("{8BC9CEB8-8B4A-11D0-8D11-00A0C91BC942}") = "fxtest", "ANYTOOL\BASS\c\fxtest\fxtest.vcxproj", "{46119084-C4AA-4240-A2D6-A6AFC1A82106}"
EndProject
Project("{8BC9CEB8-8B4A-11D0-8D11-00A0C91BC942}") = "livefx", "ANYTOOL\BASS\c\livefx\livefx.vcxproj", "{0C580261-3DF5-4160-BE1A-17BCC66BEE8C}"
EndProject
Project("{8BC9CEB8-8B4A-11D0-8D11-00A0C91BC942}") = "livespec", "ANYTOOL\BASS\c\livespec\livespec.vcxproj", "{6AAE12B9-8731-4CDE-BD76-EC5B4EC5AE48}"
EndProject
Project("{8BC9CEB8-8B4A-11D0-8D11-00A0C91BC942}") = "modtest", "ANYTOOL\BASS\c\modtest\modtest.vcxproj", "{9465CD7D-3DAC-472F-AA85-DD144AC094F7}"
EndProject
Project("{8BC9CEB8-8B4A-11D0-8D11-00A0C91BC942}") = "multi", "ANYTOOL\BASS\c\multi\multi.vcxproj", "{305E5C8D-85DB-4E36-A82E-856BC9972413}"
EndProject
Project("{8BC9CEB8-8B4A-11D0-8D11-00A0C91BC942}") = "netradio", "ANYTOOL\BASS\c\netradio\netradio.vcxproj", "{DFA5AC9E-4073-4555-92E8-E4808EE32B43}"
EndProject
Project("{8BC9CEB8-8B4A-11D0-8D11-00A0C91BC942}") = "plugins", "ANYTOOL\BASS\c\plugins\plugins.vcxproj", "{9465CD7D-3DAC-472F-AA85-DD144AC094F0}"
EndProject
Project("{8BC9CEB8-8B4A-11D0-8D11-00A0C91BC942}") = "rectest", "ANYTOOL\BASS\c\rectest\rectest.vcxproj", "{4FD2AD5D-39B5-4B75-A79F-93D6DD15A06B}"
EndProject
Project("{8BC9CEB8-8B4A-11D0-8D11-00A0C91BC942}") = "speakers", "ANYTOOL\BASS\c\speakers\speakers.vcxproj", "{FD419538-B54A-4472-8DA6-3BDE8DDBA1F1}"
EndProject
Project("{8BC9CEB8-8B4A-11D0-8D11-00A0C91BC942}") = "spectrum", "ANYTOOL\BASS\c\spectrum\spectrum.vcxproj", "{BDCC1DDE-3BAB-436C-934A-348C76B050E2}"
EndProject
Project("{8BC9CEB8-8B4A-11D0-8D11-00A0C91BC942}") = "synth", "ANYTOOL\BASS\c\synth\synth.vcxproj", "{F710CC47-BAAF-44DD-9F1B-D7F5AEEEDB56}"
EndProject
Project("{8BC9CEB8-8B4A-11D0-8D11-00A0C91BC942}") = "writewav", "ANYTOOL\BASS\c\writewav\writewav.vcxproj", "{6102AFDE-AFAD-4750-AC38-75DDC9268531}"
EndProject
Global
	GlobalSection(SolutionConfigurationPlatforms) = preSolution
		Debug|Any CPU = Debug|Any CPU
		Debug|Win32 = Debug|Win32
		Debug|x64 = Debug|x64
		Debug|x86 = Debug|x86
		Release|Any CPU = Release|Any CPU
		Release|Win32 = Release|Win32
		Release|x64 = Release|x64
		Release|x86 = Release|x86
	EndGlobalSection
	GlobalSection(ProjectConfigurationPlatforms) = postSolution
		{B365D9A4-D76E-4FA6-AC23-0260F668DB2A}.Debug|Any CPU.ActiveCfg = Debug|Win32
		{B365D9A4-D76E-4FA6-AC23-0260F668DB2A}.Debug|Win32.ActiveCfg = Debug|Win32
		{B365D9A4-D76E-4FA6-AC23-0260F668DB2A}.Debug|Win32.Build.0 = Debug|Win32
		{B365D9A4-D76E-4FA6-AC23-0260F668DB2A}.Debug|x64.ActiveCfg = Debug|x64
		{B365D9A4-D76E-4FA6-AC23-0260F668DB2A}.Debug|x64.Build.0 = Debug|x64
		{B365D9A4-D76E-4FA6-AC23-0260F668DB2A}.Debug|x86.ActiveCfg = Debug|Win32
		{B365D9A4-D76E-4FA6-AC23-0260F668DB2A}.Debug|x86.Build.0 = Debug|Win32
		{B365D9A4-D76E-4FA6-AC23-0260F668DB2A}.Release|Any CPU.ActiveCfg = Release|Win32
		{B365D9A4-D76E-4FA6-AC23-0260F668DB2A}.Release|Win32.ActiveCfg = Release|Win32
		{B365D9A4-D76E-4FA6-AC23-0260F668DB2A}.Release|Win32.Build.0 = Release|Win32
		{B365D9A4-D76E-4FA6-AC23-0260F668DB2A}.Release|x64.ActiveCfg = Release|x64
		{B365D9A4-D76E-4FA6-AC23-0260F668DB2A}.Release|x64.Build.0 = Release|x64
		{B365D9A4-D76E-4FA6-AC23-0260F668DB2A}.Release|x86.ActiveCfg = Release|Win32
		{B365D9A4-D76E-4FA6-AC23-0260F668DB2A}.Release|x86.Build.0 = Release|Win32
		{DC41CE36-32F9-40E2-8224-67220895CA65}.Debug|Any CPU.ActiveCfg = Debug|Win32
		{DC41CE36-32F9-40E2-8224-67220895CA65}.Debug|Win32.ActiveCfg = Debug|Win32
		{DC41CE36-32F9-40E2-8224-67220895CA65}.Debug|Win32.Build.0 = Debug|Win32
		{DC41CE36-32F9-40E2-8224-67220895CA65}.Debug|x64.ActiveCfg = Debug|x64
		{DC41CE36-32F9-40E2-8224-67220895CA65}.Debug|x64.Build.0 = Debug|x64
		{DC41CE36-32F9-40E2-8224-67220895CA65}.Debug|x86.ActiveCfg = Debug|Win32
		{DC41CE36-32F9-40E2-8224-67220895CA65}.Debug|x86.Build.0 = Debug|Win32
		{DC41CE36-32F9-40E2-8224-67220895CA65}.Release|Any CPU.ActiveCfg = Release|Win32
		{DC41CE36-32F9-40E2-8224-67220895CA65}.Release|Win32.ActiveCfg = Release|Win32
		{DC41CE36-32F9-40E2-8224-67220895CA65}.Release|Win32.Build.0 = Release|Win32
		{DC41CE36-32F9-40E2-8224-67220895CA65}.Release|x64.ActiveCfg = Release|x64
		{DC41CE36-32F9-40E2-8224-67220895CA65}.Release|x64.Build.0 = Release|x64
		{DC41CE36-32F9-40E2-8224-67220895CA65}.Release|x86.ActiveCfg = Release|Win32
		{DC41CE36-32F9-40E2-8224-67220895CA65}.Release|x86.Build.0 = Release|Win32
		{99B46530-201E-45AA-B3EE-DB407076C648}.Debug|Any CPU.ActiveCfg = Debug|Win32
		{99B46530-201E-45AA-B3EE-DB407076C648}.Debug|Win32.ActiveCfg = Debug|Win32
		{99B46530-201E-45AA-B3EE-DB407076C648}.Debug|Win32.Build.0 = Debug|Win32
		{99B46530-201E-45AA-B3EE-DB407076C648}.Debug|x64.ActiveCfg = Debug|x64
		{99B46530-201E-45AA-B3EE-DB407076C648}.Debug|x64.Build.0 = Debug|x64
		{99B46530-201E-45AA-B3EE-DB407076C648}.Debug|x86.ActiveCfg = Debug|Win32
		{99B46530-201E-45AA-B3EE-DB407076C648}.Debug|x86.Build.0 = Debug|Win32
		{99B46530-201E-45AA-B3EE-DB407076C648}.Release|Any CPU.ActiveCfg = Release|Win32
		{99B46530-201E-45AA-B3EE-DB407076C648}.Release|Win32.ActiveCfg = Release|Win32
		{99B46530-201E-45AA-B3EE-DB407076C648}.Release|Win32.Build.0 = Release|Win32
		{99B46530-201E-45AA-B3EE-DB407076C648}.Release|x64.ActiveCfg = Release|x64
		{99B46530-201E-45AA-B3EE-DB407076C648}.Release|x64.Build.0 = Release|x64
		{99B46530-201E-45AA-B3EE-DB407076C648}.Release|x86.ActiveCfg = Release|Win32
		{99B46530-201E-45AA-B3EE-DB407076C648}.Release|x86.Build.0 = Release|Win32
		{64858A78-BC82-4295-92FB-3E6D43F96A8A}.Debug|Any CPU.ActiveCfg = Debug|Win32
		{64858A78-BC82-4295-92FB-3E6D43F96A8A}.Debug|Win32.ActiveCfg = Debug|Win32
		{64858A78-BC82-4295-92FB-3E6D43F96A8A}.Debug|Win32.Build.0 = Debug|Win32
		{64858A78-BC82-4295-92FB-3E6D43F96A8A}.Debug|x64.ActiveCfg = Debug|x64
		{64858A78-BC82-4295-92FB-3E6D43F96A8A}.Debug|x64.Build.0 = Debug|x64
		{64858A78-BC82-4295-92FB-3E6D43F96A8A}.Debug|x86.ActiveCfg = Debug|Win32
		{64858A78-BC82-4295-92FB-3E6D43F96A8A}.Debug|x86.Build.0 = Debug|Win32
		{64858A78-BC82-4295-92FB-3E6D43F96A8A}.Release|Any CPU.ActiveCfg = Release|Win32
		{64858A78-BC82-4295-92FB-3E6D43F96A8A}.Release|Win32.ActiveCfg = Release|Win32
		{64858A78-BC82-4295-92FB-3E6D43F96A8A}.Release|Win32.Build.0 = Release|Win32
		{64858A78-BC82-4295-92FB-3E6D43F96A8A}.Release|x64.ActiveCfg = Release|x64
		{64858A78-BC82-4295-92FB-3E6D43F96A8A}.Release|x64.Build.0 = Release|x64
		{64858A78-BC82-4295-92FB-3E6D43F96A8A}.Release|x86.ActiveCfg = Release|Win32
		{64858A78-BC82-4295-92FB-3E6D43F96A8A}.Release|x86.Build.0 = Release|Win32
		{64948FD4-869E-400C-B3F7-DAA66F237500}.Debug|Any CPU.ActiveCfg = Debug|Win32
		{64948FD4-869E-400C-B3F7-DAA66F237500}.Debug|Win32.ActiveCfg = Debug|Win32
		{64948FD4-869E-400C-B3F7-DAA66F237500}.Debug|Win32.Build.0 = Debug|Win32
		{64948FD4-869E-400C-B3F7-DAA66F237500}.Debug|x64.ActiveCfg = Debug|x64
		{64948FD4-869E-400C-B3F7-DAA66F237500}.Debug|x64.Build.0 = Debug|x64
		{64948FD4-869E-400C-B3F7-DAA66F237500}.Debug|x86.ActiveCfg = Debug|Win32
		{64948FD4-869E-400C-B3F7-DAA66F237500}.Debug|x86.Build.0 = Debug|Win32
		{64948FD4-869E-400C-B3F7-DAA66F237500}.Release|Any CPU.ActiveCfg = Release|Win32
		{64948FD4-869E-400C-B3F7-DAA66F237500}.Release|Win32.ActiveCfg = Release|Win32
		{64948FD4-869E-400C-B3F7-DAA66F237500}.Release|Win32.Build.0 = Release|Win32
		{64948FD4-869E-400C-B3F7-DAA66F237500}.Release|x64.ActiveCfg = Release|x64
		{64948FD4-869E-400C-B3F7-DAA66F237500}.Release|x64.Build.0 = Release|x64
		{64948FD4-869E-400C-B3F7-DAA66F237500}.Release|x86.ActiveCfg = Release|Win32
		{64948FD4-869E-400C-B3F7-DAA66F237500}.Release|x86.Build.0 = Release|Win32
		{CA67E0AF-36BE-43FC-911F-49EC6DF950B5}.Debug|Any CPU.ActiveCfg = Debug|Any CPU
		{CA67E0AF-36BE-43FC-911F-49EC6DF950B5}.Debug|Any CPU.Build.0 = Debug|Any CPU
		{CA67E0AF-36BE-43FC-911F-49EC6DF950B5}.Debug|Win32.ActiveCfg = Debug|Any CPU
		{CA67E0AF-36BE-43FC-911F-49EC6DF950B5}.Debug|Win32.Build.0 = Debug|Any CPU
		{CA67E0AF-36BE-43FC-911F-49EC6DF950B5}.Debug|x64.ActiveCfg = Debug|Any CPU
		{CA67E0AF-36BE-43FC-911F-49EC6DF950B5}.Debug|x64.Build.0 = Debug|Any CPU
		{CA67E0AF-36BE-43FC-911F-49EC6DF950B5}.Debug|x86.ActiveCfg = Debug|Any CPU
		{CA67E0AF-36BE-43FC-911F-49EC6DF950B5}.Debug|x86.Build.0 = Debug|Any CPU
		{CA67E0AF-36BE-43FC-911F-49EC6DF950B5}.Release|Any CPU.ActiveCfg = Release|Any CPU
		{CA67E0AF-36BE-43FC-911F-49EC6DF950B5}.Release|Any CPU.Build.0 = Release|Any CPU
		{CA67E0AF-36BE-43FC-911F-49EC6DF950B5}.Release|Win32.ActiveCfg = Release|Any CPU
		{CA67E0AF-36BE-43FC-911F-49EC6DF950B5}.Release|Win32.Build.0 = Release|Any CPU
		{CA67E0AF-36BE-43FC-911F-49EC6DF950B5}.Release|x64.ActiveCfg = Release|Any CPU
		{CA67E0AF-36BE-43FC-911F-49EC6DF950B5}.Release|x64.Build.0 = Release|Any CPU
		{CA67E0AF-36BE-43FC-911F-49EC6DF950B5}.Release|x86.ActiveCfg = Release|Any CPU
		{CA67E0AF-36BE-43FC-911F-49EC6DF950B5}.Release|x86.Build.0 = Release|Any CPU
		{7745B131-ED20-45E8-BF6A-10977DAC9C5A}.Debug|Any CPU.ActiveCfg = Debug|Win32
		{7745B131-ED20-45E8-BF6A-10977DAC9C5A}.Debug|Win32.ActiveCfg = Debug|Win32
		{7745B131-ED20-45E8-BF6A-10977DAC9C5A}.Debug|Win32.Build.0 = Debug|Win32
		{7745B131-ED20-45E8-BF6A-10977DAC9C5A}.Debug|x64.ActiveCfg = Debug|x64
		{7745B131-ED20-45E8-BF6A-10977DAC9C5A}.Debug|x64.Build.0 = Debug|x64
		{7745B131-ED20-45E8-BF6A-10977DAC9C5A}.Debug|x86.ActiveCfg = Debug|Win32
		{7745B131-ED20-45E8-BF6A-10977DAC9C5A}.Debug|x86.Build.0 = Debug|Win32
		{7745B131-ED20-45E8-BF6A-10977DAC9C5A}.Release|Any CPU.ActiveCfg = Release|Win32
		{7745B131-ED20-45E8-BF6A-10977DAC9C5A}.Release|Win32.ActiveCfg = Release|Win32
		{7745B131-ED20-45E8-BF6A-10977DAC9C5A}.Release|Win32.Build.0 = Release|Win32
		{7745B131-ED20-45E8-BF6A-10977DAC9C5A}.Release|x64.ActiveCfg = Release|x64
		{7745B131-ED20-45E8-BF6A-10977DAC9C5A}.Release|x64.Build.0 = Release|x64
		{7745B131-ED20-45E8-BF6A-10977DAC9C5A}.Release|x86.ActiveCfg = Release|Win32
		{7745B131-ED20-45E8-BF6A-10977DAC9C5A}.Release|x86.Build.0 = Release|Win32
		{C2D2A8DA-DF89-4334-ACAF-E42E0A13FD24}.Debug|Any CPU.ActiveCfg = Debug|Win32
		{C2D2A8DA-DF89-4334-ACAF-E42E0A13FD24}.Debug|Win32.ActiveCfg = Debug|Win32
		{C2D2A8DA-DF89-4334-ACAF-E42E0A13FD24}.Debug|Win32.Build.0 = Debug|Win32
		{C2D2A8DA-DF89-4334-ACAF-E42E0A13FD24}.Debug|x64.ActiveCfg = Debug|x64
		{C2D2A8DA-DF89-4334-ACAF-E42E0A13FD24}.Debug|x64.Build.0 = Debug|x64
		{C2D2A8DA-DF89-4334-ACAF-E42E0A13FD24}.Debug|x86.ActiveCfg = Debug|Win32
		{C2D2A8DA-DF89-4334-ACAF-E42E0A13FD24}.Debug|x86.Build.0 = Debug|Win32
		{C2D2A8DA-DF89-4334-ACAF-E42E0A13FD24}.Release|Any CPU.ActiveCfg = Release|Win32
		{C2D2A8DA-DF89-4334-ACAF-E42E0A13FD24}.Release|Win32.ActiveCfg = Release|Win32
		{C2D2A8DA-DF89-4334-ACAF-E42E0A13FD24}.Release|Win32.Build.0 = Release|Win32
		{C2D2A8DA-DF89-4334-ACAF-E42E0A13FD24}.Release|x64.ActiveCfg = Release|x64
		{C2D2A8DA-DF89-4334-ACAF-E42E0A13FD24}.Release|x64.Build.0 = Release|x64
		{C2D2A8DA-DF89-4334-ACAF-E42E0A13FD24}.Release|x86.ActiveCfg = Release|Win32
		{C2D2A8DA-DF89-4334-ACAF-E42E0A13FD24}.Release|x86.Build.0 = Release|Win32
		{80B6D330-EC19-4DEC-81B2-7A6B78F090F7}.Debug|Any CPU.ActiveCfg = Debug|Win32
		{80B6D330-EC19-4DEC-81B2-7A6B78F090F7}.Debug|Win32.ActiveCfg = Debug|Win32
		{80B6D330-EC19-4DEC-81B2-7A6B78F090F7}.Debug|Win32.Build.0 = Debug|Win32
		{80B6D330-EC19-4DEC-81B2-7A6B78F090F7}.Debug|x64.ActiveCfg = Debug|x64
		{80B6D330-EC19-4DEC-81B2-7A6B78F090F7}.Debug|x64.Build.0 = Debug|x64
		{80B6D330-EC19-4DEC-81B2-7A6B78F090F7}.Debug|x86.ActiveCfg = Debug|Win32
		{80B6D330-EC19-4DEC-81B2-7A6B78F090F7}.Debug|x86.Build.0 = Debug|Win32
		{80B6D330-EC19-4DEC-81B2-7A6B78F090F7}.Release|Any CPU.ActiveCfg = Release|Win32
		{80B6D330-EC19-4DEC-81B2-7A6B78F090F7}.Release|Win32.ActiveCfg = Release|Win32
		{80B6D330-EC19-4DEC-81B2-7A6B78F090F7}.Release|Win32.Build.0 = Release|Win32
		{80B6D330-EC19-4DEC-81B2-7A6B78F090F7}.Release|x64.ActiveCfg = Release|x64
		{80B6D330-EC19-4DEC-81B2-7A6B78F090F7}.Release|x64.Build.0 = Release|x64
		{80B6D330-EC19-4DEC-81B2-7A6B78F090F7}.Release|x86.ActiveCfg = Release|Win32
		{80B6D330-EC19-4DEC-81B2-7A6B78F090F7}.Release|x86.Build.0 = Release|Win32
		{98CE30EE-9892-4896-9A68-34725FB454B8}.Debug|Any CPU.ActiveCfg = Release|x64
		{98CE30EE-9892-4896-9A68-34725FB454B8}.Debug|Any CPU.Build.0 = Release|x64
		{98CE30EE-9892-4896-9A68-34725FB454B8}.Debug|Win32.ActiveCfg = Release|Win32
		{98CE30EE-9892-4896-9A68-34725FB454B8}.Debug|Win32.Build.0 = Release|Win32
		{98CE30EE-9892-4896-9A68-34725FB454B8}.Debug|x64.ActiveCfg = Release|x64
		{98CE30EE-9892-4896-9A68-34725FB454B8}.Debug|x64.Build.0 = Release|x64
		{98CE30EE-9892-4896-9A68-34725FB454B8}.Debug|x86.ActiveCfg = Release|Win32
		{98CE30EE-9892-4896-9A68-34725FB454B8}.Debug|x86.Build.0 = Release|Win32
		{98CE30EE-9892-4896-9A68-34725FB454B8}.Release|Any CPU.ActiveCfg = Release|Win32
		{98CE30EE-9892-4896-9A68-34725FB454B8}.Release|Win32.ActiveCfg = Release|Win32
		{98CE30EE-9892-4896-9A68-34725FB454B8}.Release|Win32.Build.0 = Release|Win32
		{98CE30EE-9892-4896-9A68-34725FB454B8}.Release|x64.ActiveCfg = Release|x64
		{98CE30EE-9892-4896-9A68-34725FB454B8}.Release|x64.Build.0 = Release|x64
		{98CE30EE-9892-4896-9A68-34725FB454B8}.Release|x86.ActiveCfg = Release|Win32
		{98CE30EE-9892-4896-9A68-34725FB454B8}.Release|x86.Build.0 = Release|Win32
		{DEE82226-C3D7-4C31-A234-8934FC43EF82}.Debug|Any CPU.ActiveCfg = Release|x64
		{DEE82226-C3D7-4C31-A234-8934FC43EF82}.Debug|Any CPU.Build.0 = Release|x64
		{DEE82226-C3D7-4C31-A234-8934FC43EF82}.Debug|Win32.ActiveCfg = Release|Win32
		{DEE82226-C3D7-4C31-A234-8934FC43EF82}.Debug|Win32.Build.0 = Release|Win32
		{DEE82226-C3D7-4C31-A234-8934FC43EF82}.Debug|x64.ActiveCfg = Release|x64
		{DEE82226-C3D7-4C31-A234-8934FC43EF82}.Debug|x64.Build.0 = Release|x64
		{DEE82226-C3D7-4C31-A234-8934FC43EF82}.Debug|x86.ActiveCfg = Release|Win32
		{DEE82226-C3D7-4C31-A234-8934FC43EF82}.Debug|x86.Build.0 = Release|Win32
		{DEE82226-C3D7-4C31-A234-8934FC43EF82}.Release|Any CPU.ActiveCfg = Release|Win32
		{DEE82226-C3D7-4C31-A234-8934FC43EF82}.Release|Win32.ActiveCfg = Release|Win32
		{DEE82226-C3D7-4C31-A234-8934FC43EF82}.Release|Win32.Build.0 = Release|Win32
		{DEE82226-C3D7-4C31-A234-8934FC43EF82}.Release|x64.ActiveCfg = Release|x64
		{DEE82226-C3D7-4C31-A234-8934FC43EF82}.Release|x64.Build.0 = Release|x64
		{DEE82226-C3D7-4C31-A234-8934FC43EF82}.Release|x86.ActiveCfg = Release|Win32
		{DEE82226-C3D7-4C31-A234-8934FC43EF82}.Release|x86.Build.0 = Release|Win32
		{1151BD42-BAB0-4C67-A3CA-D23457250C41}.Debug|Any CPU.ActiveCfg = Release|x64
		{1151BD42-BAB0-4C67-A3CA-D23457250C41}.Debug|Any CPU.Build.0 = Release|x64
		{1151BD42-BAB0-4C67-A3CA-D23457250C41}.Debug|Win32.ActiveCfg = Release|Win32
		{1151BD42-BAB0-4C67-A3CA-D23457250C41}.Debug|Win32.Build.0 = Release|Win32
		{1151BD42-BAB0-4C67-A3CA-D23457250C41}.Debug|x64.ActiveCfg = Release|x64
		{1151BD42-BAB0-4C67-A3CA-D23457250C41}.Debug|x64.Build.0 = Release|x64
		{1151BD42-BAB0-4C67-A3CA-D23457250C41}.Debug|x86.ActiveCfg = Release|Win32
		{1151BD42-BAB0-4C67-A3CA-D23457250C41}.Debug|x86.Build.0 = Release|Win32
		{1151BD42-BAB0-4C67-A3CA-D23457250C41}.Release|Any CPU.ActiveCfg = Release|Win32
		{1151BD42-BAB0-4C67-A3CA-D23457250C41}.Release|Win32.ActiveCfg = Release|Win32
		{1151BD42-BAB0-4C67-A3CA-D23457250C41}.Release|Win32.Build.0 = Release|Win32
		{1151BD42-BAB0-4C67-A3CA-D23457250C41}.Release|x64.ActiveCfg = Release|x64
		{1151BD42-BAB0-4C67-A3CA-D23457250C41}.Release|x64.Build.0 = Release|x64
		{1151BD42-BAB0-4C67-A3CA-D23457250C41}.Release|x86.ActiveCfg = Release|Win32
		{1151BD42-BAB0-4C67-A3CA-D23457250C41}.Release|x86.Build.0 = Release|Win32
		{BC8FF451-F01D-404B-B39A-D7C59A567D95}.Debug|Any CPU.ActiveCfg = Release|x64
		{BC8FF451-F01D-404B-B39A-D7C59A567D95}.Debug|Any CPU.Build.0 = Release|x64
		{BC8FF451-F01D-404B-B39A-D7C59A567D95}.Debug|Win32.ActiveCfg = Release|Win32
		{BC8FF451-F01D-404B-B39A-D7C59A567D95}.Debug|Win32.Build.0 = Release|Win32
		{BC8FF451-F01D-404B-B39A-D7C59A567D95}.Debug|x64.ActiveCfg = Release|x64
		{BC8FF451-F01D-404B-B39A-D7C59A567D95}.Debug|x64.Build.0 = Release|x64
		{BC8FF451-F01D-404B-B39A-D7C59A567D95}.Debug|x86.ActiveCfg = Release|Win32
		{BC8FF451-F01D-404B-B39A-D7C59A567D95}.Debug|x86.Build.0 = Release|Win32
		{BC8FF451-F01D-404B-B39A-D7C59A567D95}.Release|Any CPU.ActiveCfg = Release|Win32
		{BC8FF451-F01D-404B-B39A-D7C59A567D95}.Release|Win32.ActiveCfg = Release|Win32
		{BC8FF451-F01D-404B-B39A-D7C59A567D95}.Release|Win32.Build.0 = Release|Win32
		{BC8FF451-F01D-404B-B39A-D7C59A567D95}.Release|x64.ActiveCfg = Release|x64
		{BC8FF451-F01D-404B-B39A-D7C59A567D95}.Release|x64.Build.0 = Release|x64
		{BC8FF451-F01D-404B-B39A-D7C59A567D95}.Release|x86.ActiveCfg = Release|Win32
		{BC8FF451-F01D-404B-B39A-D7C59A567D95}.Release|x86.Build.0 = Release|Win32
		{1151BD42-BAB0-4C67-A3CA-D23457250C42}.Debug|Any CPU.ActiveCfg = Release|x64
		{1151BD42-BAB0-4C67-A3CA-D23457250C42}.Debug|Any CPU.Build.0 = Release|x64
		{1151BD42-BAB0-4C67-A3CA-D23457250C42}.Debug|Win32.ActiveCfg = Release|Win32
		{1151BD42-BAB0-4C67-A3CA-D23457250C42}.Debug|Win32.Build.0 = Release|Win32
		{1151BD42-BAB0-4C67-A3CA-D23457250C42}.Debug|x64.ActiveCfg = Release|x64
		{1151BD42-BAB0-4C67-A3CA-D23457250C42}.Debug|x64.Build.0 = Release|x64
		{1151BD42-BAB0-4C67-A3CA-D23457250C42}.Debug|x86.ActiveCfg = Release|Win32
		{1151BD42-BAB0-4C67-A3CA-D23457250C42}.Debug|x86.Build.0 = Release|Win32
		{1151BD42-BAB0-4C67-A3CA-D23457250C42}.Release|Any CPU.ActiveCfg = Release|Win32
		{1151BD42-BAB0-4C67-A3CA-D23457250C42}.Release|Win32.ActiveCfg = Release|Win32
		{1151BD42-BAB0-4C67-A3CA-D23457250C42}.Release|Win32.Build.0 = Release|Win32
		{1151BD42-BAB0-4C67-A3CA-D23457250C42}.Release|x64.ActiveCfg = Release|x64
		{1151BD42-BAB0-4C67-A3CA-D23457250C42}.Release|x64.Build.0 = Release|x64
		{1151BD42-BAB0-4C67-A3CA-D23457250C42}.Release|x86.ActiveCfg = Release|Win32
		{1151BD42-BAB0-4C67-A3CA-D23457250C42}.Release|x86.Build.0 = Release|Win32
		{89104783-85C4-4E31-9EDC-FAF7D6792BF0}.Debug|Any CPU.ActiveCfg = Release|x64
		{89104783-85C4-4E31-9EDC-FAF7D6792BF0}.Debug|Any CPU.Build.0 = Release|x64
		{89104783-85C4-4E31-9EDC-FAF7D6792BF0}.Debug|Win32.ActiveCfg = Release|Win32
		{89104783-85C4-4E31-9EDC-FAF7D6792BF0}.Debug|Win32.Build.0 = Release|Win32
		{89104783-85C4-4E31-9EDC-FAF7D6792BF0}.Debug|x64.ActiveCfg = Release|x64
		{89104783-85C4-4E31-9EDC-FAF7D6792BF0}.Debug|x64.Build.0 = Release|x64
		{89104783-85C4-4E31-9EDC-FAF7D6792BF0}.Debug|x86.ActiveCfg = Release|Win32
		{89104783-85C4-4E31-9EDC-FAF7D6792BF0}.Debug|x86.Build.0 = Release|Win32
		{89104783-85C4-4E31-9EDC-FAF7D6792BF0}.Release|Any CPU.ActiveCfg = Release|Win32
		{89104783-85C4-4E31-9EDC-FAF7D6792BF0}.Release|Win32.ActiveCfg = Release|Win32
		{89104783-85C4-4E31-9EDC-FAF7D6792BF0}.Release|Win32.Build.0 = Release|Win32
		{89104783-85C4-4E31-9EDC-FAF7D6792BF0}.Release|x64.ActiveCfg = Release|x64
		{89104783-85C4-4E31-9EDC-FAF7D6792BF0}.Release|x64.Build.0 = Release|x64
		{89104783-85C4-4E31-9EDC-FAF7D6792BF0}.Release|x86.ActiveCfg = Release|Win32
		{89104783-85C4-4E31-9EDC-FAF7D6792BF0}.Release|x86.Build.0 = Release|Win32
		{46119084-C4AA-4240-A2D6-A6AFC1A82106}.Debug|Any CPU.ActiveCfg = Release|x64
		{46119084-C4AA-4240-A2D6-A6AFC1A82106}.Debug|Any CPU.Build.0 = Release|x64
		{46119084-C4AA-4240-A2D6-A6AFC1A82106}.Debug|Win32.ActiveCfg = Release|Win32
		{46119084-C4AA-4240-A2D6-A6AFC1A82106}.Debug|Win32.Build.0 = Release|Win32
		{46119084-C4AA-4240-A2D6-A6AFC1A82106}.Debug|x64.ActiveCfg = Release|x64
		{46119084-C4AA-4240-A2D6-A6AFC1A82106}.Debug|x64.Build.0 = Release|x64
		{46119084-C4AA-4240-A2D6-A6AFC1A82106}.Debug|x86.ActiveCfg = Release|Win32
		{46119084-C4AA-4240-A2D6-A6AFC1A82106}.Debug|x86.Build.0 = Release|Win32
		{46119084-C4AA-4240-A2D6-A6AFC1A82106}.Release|Any CPU.ActiveCfg = Release|Win32
		{46119084-C4AA-4240-A2D6-A6AFC1A82106}.Release|Win32.ActiveCfg = Release|Win32
		{46119084-C4AA-4240-A2D6-A6AFC1A82106}.Release|Win32.Build.0 = Release|Win32
		{46119084-C4AA-4240-A2D6-A6AFC1A82106}.Release|x64.ActiveCfg = Release|x64
		{46119084-C4AA-4240-A2D6-A6AFC1A82106}.Release|x64.Build.0 = Release|x64
		{46119084-C4AA-4240-A2D6-A6AFC1A82106}.Release|x86.ActiveCfg = Release|Win32
		{46119084-C4AA-4240-A2D6-A6AFC1A82106}.Release|x86.Build.0 = Release|Win32
		{0C580261-3DF5-4160-BE1A-17BCC66BEE8C}.Debug|Any CPU.ActiveCfg = Release|x64
		{0C580261-3DF5-4160-BE1A-17BCC66BEE8C}.Debug|Any CPU.Build.0 = Release|x64
		{0C580261-3DF5-4160-BE1A-17BCC66BEE8C}.Debug|Win32.ActiveCfg = Release|Win32
		{0C580261-3DF5-4160-BE1A-17BCC66BEE8C}.Debug|Win32.Build.0 = Release|Win32
		{0C580261-3DF5-4160-BE1A-17BCC66BEE8C}.Debug|x64.ActiveCfg = Release|x64
		{0C580261-3DF5-4160-BE1A-17BCC66BEE8C}.Debug|x64.Build.0 = Release|x64
		{0C580261-3DF5-4160-BE1A-17BCC66BEE8C}.Debug|x86.ActiveCfg = Release|Win32
		{0C580261-3DF5-4160-BE1A-17BCC66BEE8C}.Debug|x86.Build.0 = Release|Win32
		{0C580261-3DF5-4160-BE1A-17BCC66BEE8C}.Release|Any CPU.ActiveCfg = Release|Win32
		{0C580261-3DF5-4160-BE1A-17BCC66BEE8C}.Release|Win32.ActiveCfg = Release|Win32
		{0C580261-3DF5-4160-BE1A-17BCC66BEE8C}.Release|Win32.Build.0 = Release|Win32
		{0C580261-3DF5-4160-BE1A-17BCC66BEE8C}.Release|x64.ActiveCfg = Release|x64
		{0C580261-3DF5-4160-BE1A-17BCC66BEE8C}.Release|x64.Build.0 = Release|x64
		{0C580261-3DF5-4160-BE1A-17BCC66BEE8C}.Release|x86.ActiveCfg = Release|Win32
		{0C580261-3DF5-4160-BE1A-17BCC66BEE8C}.Release|x86.Build.0 = Release|Win32
		{6AAE12B9-8731-4CDE-BD76-EC5B4EC5AE48}.Debug|Any CPU.ActiveCfg = Release|x64
		{6AAE12B9-8731-4CDE-BD76-EC5B4EC5AE48}.Debug|Any CPU.Build.0 = Release|x64
		{6AAE12B9-8731-4CDE-BD76-EC5B4EC5AE48}.Debug|Win32.ActiveCfg = Release|Win32
		{6AAE12B9-8731-4CDE-BD76-EC5B4EC5AE48}.Debug|Win32.Build.0 = Release|Win32
		{6AAE12B9-8731-4CDE-BD76-EC5B4EC5AE48}.Debug|x64.ActiveCfg = Release|x64
		{6AAE12B9-8731-4CDE-BD76-EC5B4EC5AE48}.Debug|x64.Build.0 = Release|x64
		{6AAE12B9-8731-4CDE-BD76-EC5B4EC5AE48}.Debug|x86.ActiveCfg = Release|Win32
		{6AAE12B9-8731-4CDE-BD76-EC5B4EC5AE48}.Debug|x86.Build.0 = Release|Win32
		{6AAE12B9-8731-4CDE-BD76-EC5B4EC5AE48}.Release|Any CPU.ActiveCfg = Release|Win32
		{6AAE12B9-8731-4CDE-BD76-EC5B4EC5AE48}.Release|Win32.ActiveCfg = Release|Win32
		{6AAE12B9-8731-4CDE-BD76-EC5B4EC5AE48}.Release|Win32.Build.0 = Release|Win32
		{6AAE12B9-8731-4CDE-BD76-EC5B4EC5AE48}.Release|x64.ActiveCfg = Release|x64
		{6AAE12B9-8731-4CDE-BD76-EC5B4EC5AE48}.Release|x64.Build.0 = Release|x64
		{6AAE12B9-8731-4CDE-BD76-EC5B4EC5AE48}.Release|x86.ActiveCfg = Release|Win32
		{6AAE12B9-8731-4CDE-BD76-EC5B4EC5AE48}.Release|x86.Build.0 = Release|Win32
		{9465CD7D-3DAC-472F-AA85-DD144AC094F7}.Debug|Any CPU.ActiveCfg = Release|x64
		{9465CD7D-3DAC-472F-AA85-DD144AC094F7}.Debug|Any CPU.Build.0 = Release|x64
		{9465CD7D-3DAC-472F-AA85-DD144AC094F7}.Debug|Win32.ActiveCfg = Release|Win32
		{9465CD7D-3DAC-472F-AA85-DD144AC094F7}.Debug|Win32.Build.0 = Release|Win32
		{9465CD7D-3DAC-472F-AA85-DD144AC094F7}.Debug|x64.ActiveCfg = Release|x64
		{9465CD7D-3DAC-472F-AA85-DD144AC094F7}.Debug|x64.Build.0 = Release|x64
		{9465CD7D-3DAC-472F-AA85-DD144AC094F7}.Debug|x86.ActiveCfg = Release|Win32
		{9465CD7D-3DAC-472F-AA85-DD144AC094F7}.Debug|x86.Build.0 = Release|Win32
		{9465CD7D-3DAC-472F-AA85-DD144AC094F7}.Release|Any CPU.ActiveCfg = Release|Win32
		{9465CD7D-3DAC-472F-AA85-DD144AC094F7}.Release|Win32.ActiveCfg = Release|Win32
		{9465CD7D-3DAC-472F-AA85-DD144AC094F7}.Release|Win32.Build.0 = Release|Win32
		{9465CD7D-3DAC-472F-AA85-DD144AC094F7}.Release|x64.ActiveCfg = Release|x64
		{9465CD7D-3DAC-472F-AA85-DD144AC094F7}.Release|x64.Build.0 = Release|x64
		{9465CD7D-3DAC-472F-AA85-DD144AC094F7}.Release|x86.ActiveCfg = Release|Win32
		{9465CD7D-3DAC-472F-AA85-DD144AC094F7}.Release|x86.Build.0 = Release|Win32
		{305E5C8D-85DB-4E36-A82E-856BC9972413}.Debug|Any CPU.ActiveCfg = Release|x64
		{305E5C8D-85DB-4E36-A82E-856BC9972413}.Debug|Any CPU.Build.0 = Release|x64
		{305E5C8D-85DB-4E36-A82E-856BC9972413}.Debug|Win32.ActiveCfg = Release|Win32
		{305E5C8D-85DB-4E36-A82E-856BC9972413}.Debug|Win32.Build.0 = Release|Win32
		{305E5C8D-85DB-4E36-A82E-856BC9972413}.Debug|x64.ActiveCfg = Release|x64
		{305E5C8D-85DB-4E36-A82E-856BC9972413}.Debug|x64.Build.0 = Release|x64
		{305E5C8D-85DB-4E36-A82E-856BC9972413}.Debug|x86.ActiveCfg = Release|Win32
		{305E5C8D-85DB-4E36-A82E-856BC9972413}.Debug|x86.Build.0 = Release|Win32
		{305E5C8D-85DB-4E36-A82E-856BC9972413}.Release|Any CPU.ActiveCfg = Release|Win32
		{305E5C8D-85DB-4E36-A82E-856BC9972413}.Release|Win32.ActiveCfg = Release|Win32
		{305E5C8D-85DB-4E36-A82E-856BC9972413}.Release|Win32.Build.0 = Release|Win32
		{305E5C8D-85DB-4E36-A82E-856BC9972413}.Release|x64.ActiveCfg = Release|x64
		{305E5C8D-85DB-4E36-A82E-856BC9972413}.Release|x64.Build.0 = Release|x64
		{305E5C8D-85DB-4E36-A82E-856BC9972413}.Release|x86.ActiveCfg = Release|Win32
		{305E5C8D-85DB-4E36-A82E-856BC9972413}.Release|x86.Build.0 = Release|Win32
		{DFA5AC9E-4073-4555-92E8-E4808EE32B43}.Debug|Any CPU.ActiveCfg = Release|x64
		{DFA5AC9E-4073-4555-92E8-E4808EE32B43}.Debug|Any CPU.Build.0 = Release|x64
		{DFA5AC9E-4073-4555-92E8-E4808EE32B43}.Debug|Win32.ActiveCfg = Release|Win32
		{DFA5AC9E-4073-4555-92E8-E4808EE32B43}.Debug|Win32.Build.0 = Release|Win32
		{DFA5AC9E-4073-4555-92E8-E4808EE32B43}.Debug|x64.ActiveCfg = Release|x64
		{DFA5AC9E-4073-4555-92E8-E4808EE32B43}.Debug|x64.Build.0 = Release|x64
		{DFA5AC9E-4073-4555-92E8-E4808EE32B43}.Debug|x86.ActiveCfg = Release|Win32
		{DFA5AC9E-4073-4555-92E8-E4808EE32B43}.Debug|x86.Build.0 = Release|Win32
		{DFA5AC9E-4073-4555-92E8-E4808EE32B43}.Release|Any CPU.ActiveCfg = Release|Win32
		{DFA5AC9E-4073-4555-92E8-E4808EE32B43}.Release|Win32.ActiveCfg = Release|Win32
		{DFA5AC9E-4073-4555-92E8-E4808EE32B43}.Release|Win32.Build.0 = Release|Win32
		{DFA5AC9E-4073-4555-92E8-E4808EE32B43}.Release|x64.ActiveCfg = Release|x64
		{DFA5AC9E-4073-4555-92E8-E4808EE32B43}.Release|x64.Build.0 = Release|x64
		{DFA5AC9E-4073-4555-92E8-E4808EE32B43}.Release|x86.ActiveCfg = Release|Win32
		{DFA5AC9E-4073-4555-92E8-E4808EE32B43}.Release|x86.Build.0 = Release|Win32
		{9465CD7D-3DAC-472F-AA85-DD144AC094F0}.Debug|Any CPU.ActiveCfg = Release|x64
		{9465CD7D-3DAC-472F-AA85-DD144AC094F0}.Debug|Any CPU.Build.0 = Release|x64
		{9465CD7D-3DAC-472F-AA85-DD144AC094F0}.Debug|Win32.ActiveCfg = Release|Win32
		{9465CD7D-3DAC-472F-AA85-DD144AC094F0}.Debug|Win32.Build.0 = Release|Win32
		{9465CD7D-3DAC-472F-AA85-DD144AC094F0}.Debug|x64.ActiveCfg = Release|x64
		{9465CD7D-3DAC-472F-AA85-DD144AC094F0}.Debug|x64.Build.0 = Release|x64
		{9465CD7D-3DAC-472F-AA85-DD144AC094F0}.Debug|x86.ActiveCfg = Release|Win32
		{9465CD7D-3DAC-472F-AA85-DD144AC094F0}.Debug|x86.Build.0 = Release|Win32
		{9465CD7D-3DAC-472F-AA85-DD144AC094F0}.Release|Any CPU.ActiveCfg = Release|Win32
		{9465CD7D-3DAC-472F-AA85-DD144AC094F0}.Release|Win32.ActiveCfg = Release|Win32
		{9465CD7D-3DAC-472F-AA85-DD144AC094F0}.Release|Win32.Build.0 = Release|Win32
		{9465CD7D-3DAC-472F-AA85-DD144AC094F0}.Release|x64.ActiveCfg = Release|x64
		{9465CD7D-3DAC-472F-AA85-DD144AC094F0}.Release|x64.Build.0 = Release|x64
		{9465CD7D-3DAC-472F-AA85-DD144AC094F0}.Release|x86.ActiveCfg = Release|Win32
		{9465CD7D-3DAC-472F-AA85-DD144AC094F0}.Release|x86.Build.0 = Release|Win32
		{4FD2AD5D-39B5-4B75-A79F-93D6DD15A06B}.Debug|Any CPU.ActiveCfg = Release|x64
		{4FD2AD5D-39B5-4B75-A79F-93D6DD15A06B}.Debug|Any CPU.Build.0 = Release|x64
		{4FD2AD5D-39B5-4B75-A79F-93D6DD15A06B}.Debug|Win32.ActiveCfg = Release|Win32
		{4FD2AD5D-39B5-4B75-A79F-93D6DD15A06B}.Debug|Win32.Build.0 = Release|Win32
		{4FD2AD5D-39B5-4B75-A79F-93D6DD15A06B}.Debug|x64.ActiveCfg = Release|x64
		{4FD2AD5D-39B5-4B75-A79F-93D6DD15A06B}.Debug|x64.Build.0 = Release|x64
		{4FD2AD5D-39B5-4B75-A79F-93D6DD15A06B}.Debug|x86.ActiveCfg = Release|Win32
		{4FD2AD5D-39B5-4B75-A79F-93D6DD15A06B}.Debug|x86.Build.0 = Release|Win32
		{4FD2AD5D-39B5-4B75-A79F-93D6DD15A06B}.Release|Any CPU.ActiveCfg = Release|Win32
		{4FD2AD5D-39B5-4B75-A79F-93D6DD15A06B}.Release|Win32.ActiveCfg = Release|Win32
		{4FD2AD5D-39B5-4B75-A79F-93D6DD15A06B}.Release|Win32.Build.0 = Release|Win32
		{4FD2AD5D-39B5-4B75-A79F-93D6DD15A06B}.Release|x64.ActiveCfg = Release|x64
		{4FD2AD5D-39B5-4B75-A79F-93D6DD15A06B}.Release|x64.Build.0 = Release|x64
		{4FD2AD5D-39B5-4B75-A79F-93D6DD15A06B}.Release|x86.ActiveCfg = Release|Win32
		{4FD2AD5D-39B5-4B75-A79F-93D6DD15A06B}.Release|x86.Build.0 = Release|Win32
		{FD419538-B54A-4472-8DA6-3BDE8DDBA1F1}.Debug|Any CPU.ActiveCfg = Release|x64
		{FD419538-B54A-4472-8DA6-3BDE8DDBA1F1}.Debug|Any CPU.Build.0 = Release|x64
		{FD419538-B54A-4472-8DA6-3BDE8DDBA1F1}.Debug|Win32.ActiveCfg = Release|Win32
		{FD419538-B54A-4472-8DA6-3BDE8DDBA1F1}.Debug|Win32.Build.0 = Release|Win32
		{FD419538-B54A-4472-8DA6-3BDE8DDBA1F1}.Debug|x64.ActiveCfg = Release|x64
		{FD419538-B54A-4472-8DA6-3BDE8DDBA1F1}.Debug|x64.Build.0 = Release|x64
		{FD419538-B54A-4472-8DA6-3BDE8DDBA1F1}.Debug|x86.ActiveCfg = Release|Win32
		{FD419538-B54A-4472-8DA6-3BDE8DDBA1F1}.Debug|x86.Build.0 = Release|Win32
		{FD419538-B54A-4472-8DA6-3BDE8DDBA1F1}.Release|Any CPU.ActiveCfg = Release|Win32
		{FD419538-B54A-4472-8DA6-3BDE8DDBA1F1}.Release|Win32.ActiveCfg = Release|Win32
		{FD419538-B54A-4472-8DA6-3BDE8DDBA1F1}.Release|Win32.Build.0 = Release|Win32
		{FD419538-B54A-4472-8DA6-3BDE8DDBA1F1}.Release|x64.ActiveCfg = Release|x64
		{FD419538-B54A-4472-8DA6-3BDE8DDBA1F1}.Release|x64.Build.0 = Release|x64
		{FD419538-B54A-4472-8DA6-3BDE8DDBA1F1}.Release|x86.ActiveCfg = Release|Win32
		{FD419538-B54A-4472-8DA6-3BDE8DDBA1F1}.Release|x86.Build.0 = Release|Win32
		{BDCC1DDE-3BAB-436C-934A-348C76B050E2}.Debug|Any CPU.ActiveCfg = Release|x64
		{BDCC1DDE-3BAB-436C-934A-348C76B050E2}.Debug|Any CPU.Build.0 = Release|x64
		{BDCC1DDE-3BAB-436C-934A-348C76B050E2}.Debug|Win32.ActiveCfg = Release|Win32
		{BDCC1DDE-3BAB-436C-934A-348C76B050E2}.Debug|Win32.Build.0 = Release|Win32
		{BDCC1DDE-3BAB-436C-934A-348C76B050E2}.Debug|x64.ActiveCfg = Release|x64
		{BDCC1DDE-3BAB-436C-934A-348C76B050E2}.Debug|x64.Build.0 = Release|x64
		{BDCC1DDE-3BAB-436C-934A-348C76B050E2}.Debug|x86.ActiveCfg = Release|Win32
		{BDCC1DDE-3BAB-436C-934A-348C76B050E2}.Debug|x86.Build.0 = Release|Win32
		{BDCC1DDE-3BAB-436C-934A-348C76B050E2}.Release|Any CPU.ActiveCfg = Release|Win32
		{BDCC1DDE-3BAB-436C-934A-348C76B050E2}.Release|Win32.ActiveCfg = Release|Win32
		{BDCC1DDE-3BAB-436C-934A-348C76B050E2}.Release|Win32.Build.0 = Release|Win32
		{BDCC1DDE-3BAB-436C-934A-348C76B050E2}.Release|x64.ActiveCfg = Release|x64
		{BDCC1DDE-3BAB-436C-934A-348C76B050E2}.Release|x64.Build.0 = Release|x64
		{BDCC1DDE-3BAB-436C-934A-348C76B050E2}.Release|x86.ActiveCfg = Release|Win32
		{BDCC1DDE-3BAB-436C-934A-348C76B050E2}.Release|x86.Build.0 = Release|Win32
		{F710CC47-BAAF-44DD-9F1B-D7F5AEEEDB56}.Debug|Any CPU.ActiveCfg = Release|x64
		{F710CC47-BAAF-44DD-9F1B-D7F5AEEEDB56}.Debug|Any CPU.Build.0 = Release|x64
		{F710CC47-BAAF-44DD-9F1B-D7F5AEEEDB56}.Debug|Win32.ActiveCfg = Release|Win32
		{F710CC47-BAAF-44DD-9F1B-D7F5AEEEDB56}.Debug|Win32.Build.0 = Release|Win32
		{F710CC47-BAAF-44DD-9F1B-D7F5AEEEDB56}.Debug|x64.ActiveCfg = Release|x64
		{F710CC47-BAAF-44DD-9F1B-D7F5AEEEDB56}.Debug|x64.Build.0 = Release|x64
		{F710CC47-BAAF-44DD-9F1B-D7F5AEEEDB56}.Debug|x86.ActiveCfg = Release|Win32
		{F710CC47-BAAF-44DD-9F1B-D7F5AEEEDB56}.Debug|x86.Build.0 = Release|Win32
		{F710CC47-BAAF-44DD-9F1B-D7F5AEEEDB56}.Release|Any CPU.ActiveCfg = Release|Win32
		{F710CC47-BAAF-44DD-9F1B-D7F5AEEEDB56}.Release|Win32.ActiveCfg = Release|Win32
		{F710CC47-BAAF-44DD-9F1B-D7F5AEEEDB56}.Release|Win32.Build.0 = Release|Win32
		{F710CC47-BAAF-44DD-9F1B-D7F5AEEEDB56}.Release|x64.ActiveCfg = Release|x64
		{F710CC47-BAAF-44DD-9F1B-D7F5AEEEDB56}.Release|x64.Build.0 = Release|x64
		{F710CC47-BAAF-44DD-9F1B-D7F5AEEEDB56}.Release|x86.ActiveCfg = Release|Win32
		{F710CC47-BAAF-44DD-9F1B-D7F5AEEEDB56}.Release|x86.Build.0 = Release|Win32
		{6102AFDE-AFAD-4750-AC38-75DDC9268531}.Debug|Any CPU.ActiveCfg = Release|x64
		{6102AFDE-AFAD-4750-AC38-75DDC9268531}.Debug|Any CPU.Build.0 = Release|x64
		{6102AFDE-AFAD-4750-AC38-75DDC9268531}.Debug|Win32.ActiveCfg = Release|Win32
		{6102AFDE-AFAD-4750-AC38-75DDC9268531}.Debug|Win32.Build.0 = Release|Win32
		{6102AFDE-AFAD-4750-AC38-75DDC9268531}.Debug|x64.ActiveCfg = Release|x64
		{6102AFDE-AFAD-4750-AC38-75DDC9268531}.Debug|x64.Build.0 = Release|x64
		{6102AFDE-AFAD-4750-AC38-75DDC9268531}.Debug|x86.ActiveCfg = Release|Win32
		{6102AFDE-AFAD-4750-AC38-75DDC9268531}.Debug|x86.Build.0 = Release|Win32
		{6102AFDE-AFAD-4750-AC38-75DDC9268531}.Release|Any CPU.ActiveCfg = Release|Win32
		{6102AFDE-AFAD-4750-AC38-75DDC9268531}.Release|Win32.ActiveCfg = Release|Win32
		{6102AFDE-AFAD-4750-AC38-75DDC9268531}.Release|Win32.Build.0 = Release|Win32
		{6102AFDE-AFAD-4750-AC38-75DDC9268531}.Release|x64.ActiveCfg = Release|x64
		{6102AFDE-AFAD-4750-AC38-75DDC9268531}.Release|x64.Build.0 = Release|x64
		{6102AFDE-AFAD-4750-AC38-75DDC9268531}.Release|x86.ActiveCfg = Release|Win32
		{6102AFDE-AFAD-4750-AC38-75DDC9268531}.Release|x86.Build.0 = Release|Win32
	EndGlobalSection
	GlobalSection(SolutionProperties) = preSolution
		HideSolutionNode = FALSE
	EndGlobalSection
	GlobalSection(NestedProjects) = preSolution
		{98CE30EE-9892-4896-9A68-34725FB454B8} = {04B66248-2B35-4C21-88A7-CED053F83FB5}
		{DEE82226-C3D7-4C31-A234-8934FC43EF82} = {04B66248-2B35-4C21-88A7-CED053F83FB5}
		{1151BD42-BAB0-4C67-A3CA-D23457250C41} = {04B66248-2B35-4C21-88A7-CED053F83FB5}
		{BC8FF451-F01D-404B-B39A-D7C59A567D95} = {04B66248-2B35-4C21-88A7-CED053F83FB5}
		{1151BD42-BAB0-4C67-A3CA-D23457250C42} = {04B66248-2B35-4C21-88A7-CED053F83FB5}
		{89104783-85C4-4E31-9EDC-FAF7D6792BF0} = {04B66248-2B35-4C21-88A7-CED053F83FB5}
		{46119084-C4AA-4240-A2D6-A6AFC1A82106} = {04B66248-2B35-4C21-88A7-CED053F83FB5}
		{0C580261-3DF5-4160-BE1A-17BCC66BEE8C} = {04B66248-2B35-4C21-88A7-CED053F83FB5}
		{6AAE12B9-8731-4CDE-BD76-EC5B4EC5AE48} = {04B66248-2B35-4C21-88A7-CED053F83FB5}
		{9465CD7D-3DAC-472F-AA85-DD144AC094F7} = {04B66248-2B35-4C21-88A7-CED053F83FB5}
		{305E5C8D-85DB-4E36-A82E-856BC9972413} = {04B66248-2B35-4C21-88A7-CED053F83FB5}
		{DFA5AC9E-4073-4555-92E8-E4808EE32B43} = {04B66248-2B35-4C21-88A7-CED053F83FB5}
		{9465CD7D-3DAC-472F-AA85-DD144AC094F0} = {04B66248-2B35-4C21-88A7-CED053F83FB5}
		{4FD2AD5D-39B5-4B75-A79F-93D6DD15A06B} = {04B66248-2B35-4C21-88A7-CED053F83FB5}
		{FD419538-B54A-4472-8DA6-3BDE8DDBA1F1} = {04B66248-2B35-4C21-88A7-CED053F83FB5}
		{BDCC1DDE-3BAB-436C-934A-348C76B050E2} = {04B66248-2B35-4C21-88A7-CED053F83FB5}
		{F710CC47-BAAF-44DD-9F1B-D7F5AEEEDB56} = {04B66248-2B35-4C21-88A7-CED053F83FB5}
		{6102AFDE-AFAD-4750-AC38-75DDC9268531} = {04B66248-2B35-4C21-88A7-CED053F83FB5}
	EndGlobalSection
	GlobalSection(ExtensibilityGlobals) = postSolution
		SolutionGuid = {6AED7C94-67A8-4679-987F-2139B5732293}
	EndGlobalSection
EndGlobal
