
Microsoft Visual Studio Solution File, Format Version 12.00
# Visual Studio 15
VisualStudioVersion = 15.0.28307.489
MinimumVisualStudioVersion = 10.0.40219.1
Project("{8BC9CEB8-8B4A-11D0-8D11-00A0C91BC942}") = "ANYTOOL", "ANYTOOL\ANYTOOL.vcxproj", "{B365D9A4-D76E-4FA6-AC23-0260F668DB2A}"
EndProject
Project("{8BC9CEB8-8B4A-11D0-8D11-00A0C91BC942}") = "OpenGL", "OpenGL\OpenGL.vcxproj", "{DC41CE36-32F9-40E2-8224-67220895CA65}"
EndProject
Project("{8BC9CEB8-8B4A-11D0-8D11-00A0C91BC942}") = "Win32Server", "Win32Server\Win32Server.vcxproj", "{99B46530-201E-45AA-B3EE-DB407076C648}"
EndProject
Project("{8BC9CEB8-8B4A-11D0-8D11-00A0C91BC942}") = "Win32Client", "Win32Client\Win32Client.vcxproj", "{64858A78-BC82-4295-92FB-3E6D43F96A8A}"
EndProject
Project("{8BC9CEB8-8B4A-11D0-8D11-00A0C91BC942}") = "WindowsGDI", "WindowsGDI\WindowsGDI.vcxproj", "{64948FD4-869E-400C-B3F7-DAA66F237500}"
EndProject
Project("{FAE04EC0-301F-11D3-BF4B-00C04F79EFBC}") = "CSharPDdos", "CSharPDdos\CSharPDdos.csproj", "{CA67E0AF-36BE-43FC-911F-49EC6DF950B5}"
EndProject
Project("{8BC9CEB8-8B4A-11D0-8D11-00A0C91BC942}") = "OpenGL_PlusPlusVersion", "OpenGL_PlusPlusVersion\OpenGL_PlusPlusVersion.vcxproj", "{7745B131-ED20-45E8-BF6A-10977DAC9C5A}"
EndProject
Project("{8BC9CEB8-8B4A-11D0-8D11-00A0C91BC942}") = "Console", "Console\Console.vcxproj", "{C2D2A8DA-DF89-4334-ACAF-E42E0A13FD24}"
EndProject
Project("{8BC9CEB8-8B4A-11D0-8D11-00A0C91BC942}") = "Libnet_DDOS", "Libnet_DDOS\Libnet_DDOS.vcxproj", "{80B6D330-EC19-4DEC-81B2-7A6B78F090F7}"
EndProject
Global
	GlobalSection(SolutionConfigurationPlatforms) = preSolution
		Debug|Any CPU = Debug|Any CPU
		Debug|x64 = Debug|x64
		Debug|x86 = Debug|x86
		Release|Any CPU = Release|Any CPU
		Release|x64 = Release|x64
		Release|x86 = Release|x86
	EndGlobalSection
	GlobalSection(ProjectConfigurationPlatforms) = postSolution
		{B365D9A4-D76E-4FA6-AC23-0260F668DB2A}.Debug|Any CPU.ActiveCfg = Debug|Win32
		{B365D9A4-D76E-4FA6-AC23-0260F668DB2A}.Debug|x64.ActiveCfg = Debug|x64
		{B365D9A4-D76E-4FA6-AC23-0260F668DB2A}.Debug|x64.Build.0 = Debug|x64
		{B365D9A4-D76E-4FA6-AC23-0260F668DB2A}.Debug|x86.ActiveCfg = Debug|Win32
		{B365D9A4-D76E-4FA6-AC23-0260F668DB2A}.Debug|x86.Build.0 = Debug|Win32
		{B365D9A4-D76E-4FA6-AC23-0260F668DB2A}.Release|Any CPU.ActiveCfg = Release|Win32
		{B365D9A4-D76E-4FA6-AC23-0260F668DB2A}.Release|x64.ActiveCfg = Release|x64
		{B365D9A4-D76E-4FA6-AC23-0260F668DB2A}.Release|x64.Build.0 = Release|x64
		{B365D9A4-D76E-4FA6-AC23-0260F668DB2A}.Release|x86.ActiveCfg = Release|Win32
		{B365D9A4-D76E-4FA6-AC23-0260F668DB2A}.Release|x86.Build.0 = Release|Win32
		{DC41CE36-32F9-40E2-8224-67220895CA65}.Debug|Any CPU.ActiveCfg = Debug|Win32
		{DC41CE36-32F9-40E2-8224-67220895CA65}.Debug|x64.ActiveCfg = Debug|x64
		{DC41CE36-32F9-40E2-8224-67220895CA65}.Debug|x64.Build.0 = Debug|x64
		{DC41CE36-32F9-40E2-8224-67220895CA65}.Debug|x86.ActiveCfg = Debug|Win32
		{DC41CE36-32F9-40E2-8224-67220895CA65}.Debug|x86.Build.0 = Debug|Win32
		{DC41CE36-32F9-40E2-8224-67220895CA65}.Release|Any CPU.ActiveCfg = Release|Win32
		{DC41CE36-32F9-40E2-8224-67220895CA65}.Release|x64.ActiveCfg = Release|x64
		{DC41CE36-32F9-40E2-8224-67220895CA65}.Release|x64.Build.0 = Release|x64
		{DC41CE36-32F9-40E2-8224-67220895CA65}.Release|x86.ActiveCfg = Release|Win32
		{DC41CE36-32F9-40E2-8224-67220895CA65}.Release|x86.Build.0 = Release|Win32
		{99B46530-201E-45AA-B3EE-DB407076C648}.Debug|Any CPU.ActiveCfg = Debug|Win32
		{99B46530-201E-45AA-B3EE-DB407076C648}.Debug|x64.ActiveCfg = Debug|x64
		{99B46530-201E-45AA-B3EE-DB407076C648}.Debug|x64.Build.0 = Debug|x64
		{99B46530-201E-45AA-B3EE-DB407076C648}.Debug|x86.ActiveCfg = Debug|Win32
		{99B46530-201E-45AA-B3EE-DB407076C648}.Debug|x86.Build.0 = Debug|Win32
		{99B46530-201E-45AA-B3EE-DB407076C648}.Release|Any CPU.ActiveCfg = Release|Win32
		{99B46530-201E-45AA-B3EE-DB407076C648}.Release|x64.ActiveCfg = Release|x64
		{99B46530-201E-45AA-B3EE-DB407076C648}.Release|x64.Build.0 = Release|x64
		{99B46530-201E-45AA-B3EE-DB407076C648}.Release|x86.ActiveCfg = Release|Win32
		{99B46530-201E-45AA-B3EE-DB407076C648}.Release|x86.Build.0 = Release|Win32
		{64858A78-BC82-4295-92FB-3E6D43F96A8A}.Debug|Any CPU.ActiveCfg = Debug|Win32
		{64858A78-BC82-4295-92FB-3E6D43F96A8A}.Debug|x64.ActiveCfg = Debug|x64
		{64858A78-BC82-4295-92FB-3E6D43F96A8A}.Debug|x64.Build.0 = Debug|x64
		{64858A78-BC82-4295-92FB-3E6D43F96A8A}.Debug|x86.ActiveCfg = Debug|Win32
		{64858A78-BC82-4295-92FB-3E6D43F96A8A}.Debug|x86.Build.0 = Debug|Win32
		{64858A78-BC82-4295-92FB-3E6D43F96A8A}.Release|Any CPU.ActiveCfg = Release|Win32
		{64858A78-BC82-4295-92FB-3E6D43F96A8A}.Release|x64.ActiveCfg = Release|x64
		{64858A78-BC82-4295-92FB-3E6D43F96A8A}.Release|x64.Build.0 = Release|x64
		{64858A78-BC82-4295-92FB-3E6D43F96A8A}.Release|x86.ActiveCfg = Release|Win32
		{64858A78-BC82-4295-92FB-3E6D43F96A8A}.Release|x86.Build.0 = Release|Win32
		{64948FD4-869E-400C-B3F7-DAA66F237500}.Debug|Any CPU.ActiveCfg = Debug|Win32
		{64948FD4-869E-400C-B3F7-DAA66F237500}.Debug|x64.ActiveCfg = Debug|x64
		{64948FD4-869E-400C-B3F7-DAA66F237500}.Debug|x64.Build.0 = Debug|x64
		{64948FD4-869E-400C-B3F7-DAA66F237500}.Debug|x86.ActiveCfg = Debug|Win32
		{64948FD4-869E-400C-B3F7-DAA66F237500}.Debug|x86.Build.0 = Debug|Win32
		{64948FD4-869E-400C-B3F7-DAA66F237500}.Release|Any CPU.ActiveCfg = Release|Win32
		{64948FD4-869E-400C-B3F7-DAA66F237500}.Release|x64.ActiveCfg = Release|x64
		{64948FD4-869E-400C-B3F7-DAA66F237500}.Release|x64.Build.0 = Release|x64
		{64948FD4-869E-400C-B3F7-DAA66F237500}.Release|x86.ActiveCfg = Release|Win32
		{64948FD4-869E-400C-B3F7-DAA66F237500}.Release|x86.Build.0 = Release|Win32
		{CA67E0AF-36BE-43FC-911F-49EC6DF950B5}.Debug|Any CPU.ActiveCfg = Debug|Any CPU
		{CA67E0AF-36BE-43FC-911F-49EC6DF950B5}.Debug|Any CPU.Build.0 = Debug|Any CPU
		{CA67E0AF-36BE-43FC-911F-49EC6DF950B5}.Debug|x64.ActiveCfg = Debug|Any CPU
		{CA67E0AF-36BE-43FC-911F-49EC6DF950B5}.Debug|x64.Build.0 = Debug|Any CPU
		{CA67E0AF-36BE-43FC-911F-49EC6DF950B5}.Debug|x86.ActiveCfg = Debug|Any CPU
		{CA67E0AF-36BE-43FC-911F-49EC6DF950B5}.Debug|x86.Build.0 = Debug|Any CPU
		{CA67E0AF-36BE-43FC-911F-49EC6DF950B5}.Release|Any CPU.ActiveCfg = Release|Any CPU
		{CA67E0AF-36BE-43FC-911F-49EC6DF950B5}.Release|Any CPU.Build.0 = Release|Any CPU
		{CA67E0AF-36BE-43FC-911F-49EC6DF950B5}.Release|x64.ActiveCfg = Release|Any CPU
		{CA67E0AF-36BE-43FC-911F-49EC6DF950B5}.Release|x64.Build.0 = Release|Any CPU
		{CA67E0AF-36BE-43FC-911F-49EC6DF950B5}.Release|x86.ActiveCfg = Release|Any CPU
		{CA67E0AF-36BE-43FC-911F-49EC6DF950B5}.Release|x86.Build.0 = Release|Any CPU
		{7745B131-ED20-45E8-BF6A-10977DAC9C5A}.Debug|Any CPU.ActiveCfg = Debug|Win32
		{7745B131-ED20-45E8-BF6A-10977DAC9C5A}.Debug|x64.ActiveCfg = Debug|x64
		{7745B131-ED20-45E8-BF6A-10977DAC9C5A}.Debug|x64.Build.0 = Debug|x64
		{7745B131-ED20-45E8-BF6A-10977DAC9C5A}.Debug|x86.ActiveCfg = Debug|Win32
		{7745B131-ED20-45E8-BF6A-10977DAC9C5A}.Debug|x86.Build.0 = Debug|Win32
		{7745B131-ED20-45E8-BF6A-10977DAC9C5A}.Release|Any CPU.ActiveCfg = Release|Win32
		{7745B131-ED20-45E8-BF6A-10977DAC9C5A}.Release|x64.ActiveCfg = Release|x64
		{7745B131-ED20-45E8-BF6A-10977DAC9C5A}.Release|x64.Build.0 = Release|x64
		{7745B131-ED20-45E8-BF6A-10977DAC9C5A}.Release|x86.ActiveCfg = Release|Win32
		{7745B131-ED20-45E8-BF6A-10977DAC9C5A}.Release|x86.Build.0 = Release|Win32
		{C2D2A8DA-DF89-4334-ACAF-E42E0A13FD24}.Debug|Any CPU.ActiveCfg = Debug|Win32
		{C2D2A8DA-DF89-4334-ACAF-E42E0A13FD24}.Debug|x64.ActiveCfg = Debug|x64
		{C2D2A8DA-DF89-4334-ACAF-E42E0A13FD24}.Debug|x64.Build.0 = Debug|x64
		{C2D2A8DA-DF89-4334-ACAF-E42E0A13FD24}.Debug|x86.ActiveCfg = Debug|Win32
		{C2D2A8DA-DF89-4334-ACAF-E42E0A13FD24}.Debug|x86.Build.0 = Debug|Win32
		{C2D2A8DA-DF89-4334-ACAF-E42E0A13FD24}.Release|Any CPU.ActiveCfg = Release|Win32
		{C2D2A8DA-DF89-4334-ACAF-E42E0A13FD24}.Release|x64.ActiveCfg = Release|x64
		{C2D2A8DA-DF89-4334-ACAF-E42E0A13FD24}.Release|x64.Build.0 = Release|x64
		{C2D2A8DA-DF89-4334-ACAF-E42E0A13FD24}.Release|x86.ActiveCfg = Release|Win32
		{C2D2A8DA-DF89-4334-ACAF-E42E0A13FD24}.Release|x86.Build.0 = Release|Win32
		{80B6D330-EC19-4DEC-81B2-7A6B78F090F7}.Debug|Any CPU.ActiveCfg = Debug|Win32
		{80B6D330-EC19-4DEC-81B2-7A6B78F090F7}.Debug|x64.ActiveCfg = Debug|x64
		{80B6D330-EC19-4DEC-81B2-7A6B78F090F7}.Debug|x64.Build.0 = Debug|x64
		{80B6D330-EC19-4DEC-81B2-7A6B78F090F7}.Debug|x86.ActiveCfg = Debug|Win32
		{80B6D330-EC19-4DEC-81B2-7A6B78F090F7}.Debug|x86.Build.0 = Debug|Win32
		{80B6D330-EC19-4DEC-81B2-7A6B78F090F7}.Release|Any CPU.ActiveCfg = Release|Win32
		{80B6D330-EC19-4DEC-81B2-7A6B78F090F7}.Release|x64.ActiveCfg = Release|x64
		{80B6D330-EC19-4DEC-81B2-7A6B78F090F7}.Release|x64.Build.0 = Release|x64
		{80B6D330-EC19-4DEC-81B2-7A6B78F090F7}.Release|x86.ActiveCfg = Release|Win32
		{80B6D330-EC19-4DEC-81B2-7A6B78F090F7}.Release|x86.Build.0 = Release|Win32
	EndGlobalSection
	GlobalSection(SolutionProperties) = preSolution
		HideSolutionNode = FALSE
	EndGlobalSection
	GlobalSection(ExtensibilityGlobals) = postSolution
		SolutionGuid = {0C993DA6-3AAE-4115-AFA6-14C6A405441C}
	EndGlobalSection
EndGlobal
